{
	"name": "standaloneAppsServer",
	"version": "1.0.0",
	"lockfileVersion": 1,
	"requires": true,
	"dependencies": {
		"accepts": {
			"version": "1.1.4",
			"resolved": "https://npm.tradeshift.net/repository/npm-all/accepts/-/accepts-1.1.4.tgz",
			"integrity": "sha1-1xyW99QdD+2iw4zRToonwEFY30o=",
			"requires": {
				"mime-types": "2.0.14",
				"negotiator": "0.4.9"
			}
		},
		"balanced-match": {
			"version": "1.0.0",
			"resolved": "https://npm.tradeshift.net/repository/npm-all/balanced-match/-/balanced-match-1.0.0.tgz",
			"integrity": "sha1-ibTRmasr7kneFk6gK4nORi1xt2c="
		},
		"brace-expansion": {
			"version": "1.1.8",
			"resolved": "https://npm.tradeshift.net/repository/npm-all/brace-expansion/-/brace-expansion-1.1.8.tgz",
			"integrity": "sha1-wHshHHyVLsH479Uad+8NHTmQopI=",
			"requires": {
				"balanced-match": "1.0.0",
				"concat-map": "0.0.1"
			}
		},
		"concat-map": {
			"version": "0.0.1",
			"resolved": "https://npm.tradeshift.net/repository/npm-all/concat-map/-/concat-map-0.0.1.tgz",
			"integrity": "sha1-2Klr13/Wjfd5OnMDajug1UBdR3s="
		},
		"content-disposition": {
			"version": "0.5.0",
			"resolved": "https://npm.tradeshift.net/repository/npm-all/content-disposition/-/content-disposition-0.5.0.tgz",
			"integrity": "sha1-QoT+auBjCHRjnkToCkGMKTQTXp4="
		},
		"cookie": {
			"version": "0.1.2",
			"resolved": "https://npm.tradeshift.net/repository/npm-all/cookie/-/cookie-0.1.2.tgz",
			"integrity": "sha1-cv7D0k5Io0Mgc9kMEmQgBQYQBLE="
		},
		"cookie-signature": {
			"version": "1.0.5",
			"resolved": "https://npm.tradeshift.net/repository/npm-all/cookie-signature/-/cookie-signature-1.0.5.tgz",
			"integrity": "sha1-oSLj8VA+yg9TVXlbBxG7I2jUUPk="
		},
		"crc": {
			"version": "3.2.1",
			"resolved": "https://npm.tradeshift.net/repository/npm-all/crc/-/crc-3.2.1.tgz",
			"integrity": "sha1-XZyPt3okXNXsopHl0tAFM0urAII="
		},
		"debug": {
			"version": "2.1.3",
			"resolved": "https://npm.tradeshift.net/repository/npm-all/debug/-/debug-2.1.3.tgz",
			"integrity": "sha1-zoqxte6PvuK/o7Yzyrk9NmtjQY4=",
			"requires": {
				"ms": "0.7.0"
			}
		},
		"depd": {
			"version": "1.0.1",
			"resolved": "https://npm.tradeshift.net/repository/npm-all/depd/-/depd-1.0.1.tgz",
			"integrity": "sha1-gK7GTJ1tl+ZcwqnKqTwKpqv3Oqo="
		},
		"destroy": {
			"version": "1.0.3",
			"resolved": "https://npm.tradeshift.net/repository/npm-all/destroy/-/destroy-1.0.3.tgz",
			"integrity": "sha1-tDO0ck5x/YVR2YhRdIUcX8N34sk="
		},
		"ee-first": {
			"version": "1.1.0",
			"resolved": "https://npm.tradeshift.net/repository/npm-all/ee-first/-/ee-first-1.1.0.tgz",
			"integrity": "sha1-ag18YiHkkP7v2S7D9EHJzozQl/Q="
		},
		"ejs": {
			"version": "2.5.7",
			"resolved": "https://npm.tradeshift.net/repository/npm-all/ejs/-/ejs-2.5.7.tgz",
			"integrity": "sha1-zIcsFoiArjxxiXYv1f/ACJbJUYo="
		},
		"escape-html": {
			"version": "1.0.1",
			"resolved": "https://npm.tradeshift.net/repository/npm-all/escape-html/-/escape-html-1.0.1.tgz",
			"integrity": "sha1-GBoobq05ejmpKFfPsdQwUuNWv/A="
		},
		"etag": {
			"version": "1.5.1",
			"resolved": "https://npm.tradeshift.net/repository/npm-all/etag/-/etag-1.5.1.tgz",
			"integrity": "sha1-VMUN4E7kJpVWKSWsVmWIKRvn6eo=",
			"requires": {
				"crc": "3.2.1"
			}
		},
		"express": {
			"version": "4.10.2",
			"resolved": "https://npm.tradeshift.net/repository/npm-all/express/-/express-4.10.2.tgz",
			"integrity": "sha1-3wbd6U2WiTKCnUQKIATF7+ZElbA=",
			"requires": {
				"accepts": "1.1.4",
				"content-disposition": "0.5.0",
				"cookie": "0.1.2",
				"cookie-signature": "1.0.5",
				"debug": "2.1.3",
				"depd": "1.0.1",
				"escape-html": "1.0.1",
				"etag": "1.5.1",
				"finalhandler": "0.3.2",
				"fresh": "0.2.4",
				"media-typer": "0.3.0",
				"merge-descriptors": "0.0.2",
				"methods": "1.1.0",
				"on-finished": "2.1.1",
				"parseurl": "1.3.2",
				"path-to-regexp": "0.1.3",
				"proxy-addr": "1.0.10",
				"qs": "2.3.2",
				"range-parser": "1.0.3",
				"send": "0.10.1",
				"serve-static": "1.7.2",
				"type-is": "1.5.7",
				"utils-merge": "1.0.0",
				"vary": "1.0.1"
			}
		},
		"finalhandler": {
			"version": "0.3.2",
			"resolved": "https://npm.tradeshift.net/repository/npm-all/finalhandler/-/finalhandler-0.3.2.tgz",
			"integrity": "sha1-ezibD9Nkem+QvVZOImJL+KSnf7U=",
			"requires": {
				"debug": "2.1.3",
				"escape-html": "1.0.1",
				"on-finished": "2.1.1"
			}
		},
		"forwarded": {
			"version": "0.1.2",
			"resolved": "https://npm.tradeshift.net/repository/npm-all/forwarded/-/forwarded-0.1.2.tgz",
			"integrity": "sha1-mMI9qxF1ZXuMBXPozszZGw/xjIQ="
		},
		"fresh": {
			"version": "0.2.4",
			"resolved": "https://npm.tradeshift.net/repository/npm-all/fresh/-/fresh-0.2.4.tgz",
			"integrity": "sha1-NYJJkgbJcjcUGQ7ddLRgT+tKYUw="
		},
		"fs.realpath": {
			"version": "1.0.0",
			"resolved": "https://npm.tradeshift.net/repository/npm-all/fs.realpath/-/fs.realpath-1.0.0.tgz",
			"integrity": "sha1-FQStJSMVjKpA20onh8sBQRmU6k8="
		},
		"glob": {
			"version": "7.1.2",
			"resolved": "https://npm.tradeshift.net/repository/npm-all/glob/-/glob-7.1.2.tgz",
			"integrity": "sha512-MJTUg1kjuLeQCJ+ccE4Vpa6kKVXkPYJ2mOCQyUuKLcLQsdrMCpBPUi8qVE6+YuaJkozeA9NusTAw3hLr8Xe5EQ==",
			"requires": {
				"fs.realpath": "1.0.0",
				"inflight": "1.0.6",
				"inherits": "2.0.3",
				"minimatch": "3.0.4",
				"once": "1.4.0",
				"path-is-absolute": "1.0.1"
			}
		},
		"inflight": {
			"version": "1.0.6",
			"resolved": "https://npm.tradeshift.net/repository/npm-all/inflight/-/inflight-1.0.6.tgz",
			"integrity": "sha1-Sb1jMdfQLQwJvJEKEHW6gWW1bfk=",
			"requires": {
				"once": "1.4.0",
				"wrappy": "1.0.2"
			}
		},
		"inherits": {
			"version": "2.0.3",
			"resolved": "https://npm.tradeshift.net/repository/npm-all/inherits/-/inherits-2.0.3.tgz",
			"integrity": "sha1-Yzwsg+PaQqUC9SRmAiSA9CCCYd4="
		},
		"ipaddr.js": {
			"version": "1.0.5",
			"resolved": "https://npm.tradeshift.net/repository/npm-all/ipaddr.js/-/ipaddr.js-1.0.5.tgz",
			"integrity": "sha1-X6eM8wG4JceKvDBC2BJyMEnqI8c="
		},
		"media-typer": {
			"version": "0.3.0",
			"resolved": "https://npm.tradeshift.net/repository/npm-all/media-typer/-/media-typer-0.3.0.tgz",
			"integrity": "sha1-hxDXrwqmJvj/+hzgAWhUUmMlV0g="
		},
		"merge-descriptors": {
			"version": "0.0.2",
			"resolved": "https://npm.tradeshift.net/repository/npm-all/merge-descriptors/-/merge-descriptors-0.0.2.tgz",
			"integrity": "sha1-w2pSp4FDdRPFcnXzndnTF1FKyMc="
		},
		"methods": {
			"version": "1.1.0",
			"resolved": "https://npm.tradeshift.net/repository/npm-all/methods/-/methods-1.1.0.tgz",
			"integrity": "sha1-XcpO4S31L/OwVhRZhqjwHLyGQ28="
		},
		"mime": {
			"version": "1.2.11",
			"resolved": "https://npm.tradeshift.net/repository/npm-all/mime/-/mime-1.2.11.tgz",
			"integrity": "sha1-WCA+7Ybjpe8XrtK32evUfwpg3RA="
		},
		"mime-db": {
			"version": "1.12.0",
			"resolved": "https://npm.tradeshift.net/repository/npm-all/mime-db/-/mime-db-1.12.0.tgz",
			"integrity": "sha1-PQxjGA9FjrENMlqqN9fFiuMS6dc="
		},
		"mime-types": {
			"version": "2.0.14",
			"resolved": "https://npm.tradeshift.net/repository/npm-all/mime-types/-/mime-types-2.0.14.tgz",
			"integrity": "sha1-MQ4VnbI+B3+Lsit0jav6SVcUCqY=",
			"requires": {
				"mime-db": "1.12.0"
			}
		},
		"minimatch": {
			"version": "3.0.4",
			"resolved": "https://npm.tradeshift.net/repository/npm-all/minimatch/-/minimatch-3.0.4.tgz",
			"integrity": "sha512-yJHVQEhyqPLUTgt9B83PXu6W3rx4MvvHvSUvToogpwoGDOUQ+yDrR0HRot+yOCdCO7u4hX3pWft6kWBBcqh0UA==",
			"requires": {
				"brace-expansion": "1.1.8"
			}
		},
		"ms": {
			"version": "0.7.0",
			"resolved": "https://npm.tradeshift.net/repository/npm-all/ms/-/ms-0.7.0.tgz",
			"integrity": "sha1-hlvpTC5zl62KV9pqYzpuLzB5i4M="
		},
		"negotiator": {
			"version": "0.4.9",
			"resolved": "https://npm.tradeshift.net/repository/npm-all/negotiator/-/negotiator-0.4.9.tgz",
			"integrity": "sha1-kuRrbbU8fkIe1koryU8IvnYw3z8="
		},
		"on-finished": {
			"version": "2.1.1",
			"resolved": "https://npm.tradeshift.net/repository/npm-all/on-finished/-/on-finished-2.1.1.tgz",
			"integrity": "sha1-+CyhyeOk8yhrG5k4YQ5bhja9PLI=",
			"requires": {
				"ee-first": "1.1.0"
			}
		},
		"once": {
			"version": "1.4.0",
			"resolved": "https://npm.tradeshift.net/repository/npm-all/once/-/once-1.4.0.tgz",
			"integrity": "sha1-WDsap3WWHUsROsF9nFC6753Xa9E=",
			"requires": {
				"wrappy": "1.0.2"
			}
		},
		"parseurl": {
			"version": "1.3.2",
			"resolved": "https://npm.tradeshift.net/repository/npm-all/parseurl/-/parseurl-1.3.2.tgz",
			"integrity": "sha1-/CidTtiZMRlGDBViUyYs3I3mW/M="
		},
		"path-is-absolute": {
			"version": "1.0.1",
			"resolved": "https://npm.tradeshift.net/repository/npm-all/path-is-absolute/-/path-is-absolute-1.0.1.tgz",
			"integrity": "sha1-F0uSaHNVNP+8es5r9TpanhtcX18="
		},
		"path-to-regexp": {
			"version": "0.1.3",
			"resolved": "https://npm.tradeshift.net/repository/npm-all/path-to-regexp/-/path-to-regexp-0.1.3.tgz",
			"integrity": "sha1-IbmrgidCed4lsVbqCP0SylG4rss="
		},
		"proxy-addr": {
			"version": "1.0.10",
			"resolved": "https://npm.tradeshift.net/repository/npm-all/proxy-addr/-/proxy-addr-1.0.10.tgz",
			"integrity": "sha1-DUCoL4Afw1VWfS7LZe/j8HfxIcU=",
			"requires": {
				"forwarded": "0.1.2",
				"ipaddr.js": "1.0.5"
			}
		},
		"qs": {
			"version": "2.3.2",
			"resolved": "https://npm.tradeshift.net/repository/npm-all/qs/-/qs-2.3.2.tgz",
			"integrity": "sha1-1F7CSeS5sCmvAIgpoQHV/36XJ5A="
		},
		"range-parser": {
			"version": "1.0.3",
			"resolved": "https://npm.tradeshift.net/repository/npm-all/range-parser/-/range-parser-1.0.3.tgz",
			"integrity": "sha1-aHKCNTXGkuLCoBA4Jq/YLC4P8XU="
		},
		"send": {
			"version": "0.10.1",
			"resolved": "https://npm.tradeshift.net/repository/npm-all/send/-/send-0.10.1.tgz",
			"integrity": "sha1-d0XFDscvEVEVmA6PsXmuwBkA4Io=",
			"requires": {
				"debug": "2.1.3",
				"depd": "1.0.1",
				"destroy": "1.0.3",
				"escape-html": "1.0.1",
				"etag": "1.5.1",
				"fresh": "0.2.4",
				"mime": "1.2.11",
				"ms": "0.6.2",
				"on-finished": "2.1.1",
				"range-parser": "1.0.3"
			},
			"dependencies": {
				"ms": {
					"version": "0.6.2",
					"resolved": "https://npm.tradeshift.net/repository/npm-all/ms/-/ms-0.6.2.tgz",
					"integrity": "sha1-2JwhJMb9wTU9Zai3e/GqxLGTcIw="
				}
			}
		},
		"serve-static": {
			"version": "1.7.2",
			"resolved": "https://npm.tradeshift.net/repository/npm-all/serve-static/-/serve-static-1.7.2.tgz",
			"integrity": "sha1-MWTOBtTmw0Wb3MnWAY+0+zXoSzk=",
			"requires": {
				"escape-html": "1.0.1",
				"parseurl": "1.3.2",
				"send": "0.10.1",
				"utils-merge": "1.0.0"
			}
		},
		"type-is": {
			"version": "1.5.7",
			"resolved": "https://npm.tradeshift.net/repository/npm-all/type-is/-/type-is-1.5.7.tgz",
			"integrity": "sha1-uTaKWTzG730GReeLL0xky+zQXpA=",
			"requires": {
				"media-typer": "0.3.0",
				"mime-types": "2.0.14"
			}
		},
		"utils-merge": {
			"version": "1.0.0",
			"resolved": "https://npm.tradeshift.net/repository/npm-all/utils-merge/-/utils-merge-1.0.0.tgz",
			"integrity": "sha1-ApT7kiu5N1FTVBxPcJYjHyh8ivg="
		},
		"vary": {
			"version": "1.0.1",
			"resolved": "https://npm.tradeshift.net/repository/npm-all/vary/-/vary-1.0.1.tgz",
			"integrity": "sha1-meSYFWaihhGN+yuBc1ffeZM3bRA="
		},
		"wrappy": {
			"version": "1.0.2",
			"resolved": "https://npm.tradeshift.net/repository/npm-all/wrappy/-/wrappy-1.0.2.tgz",
			"integrity": "sha1-tSQ9jz7BqjXxNkYFvA0QNuMKtp8="
		}
	}
}
